// !$*UTF8*$!
{
	archiveVersion = 1;
	classes = {
	};
	objectVersion = 50;
	objects = {

/* Begin PBXBuildFile section */
		86C0E53221F8AF84007C9553 /* AppDelegate.swift in Sources */ = {isa = PBXBuildFile; fileRef = 86C0E53121F8AF84007C9553 /* AppDelegate.swift */; };
		86C0E53421F8AF84007C9553 /* art.scnassets in Resources */ = {isa = PBXBuildFile; fileRef = 86C0E53321F8AF84007C9553 /* art.scnassets */; };
		86C0E53621F8AF84007C9553 /* ViewController.swift in Sources */ = {isa = PBXBuildFile; fileRef = 86C0E53521F8AF84007C9553 /* ViewController.swift */; };
		86C0E53921F8AF84007C9553 /* Main.storyboard in Resources */ = {isa = PBXBuildFile; fileRef = 86C0E53721F8AF84007C9553 /* Main.storyboard */; };
		86C0E53B21F8AF86007C9553 /* Assets.xcassets in Resources */ = {isa = PBXBuildFile; fileRef = 86C0E53A21F8AF86007C9553 /* Assets.xcassets */; };
		86C0E53E21F8AF86007C9553 /* LaunchScreen.storyboard in Resources */ = {isa = PBXBuildFile; fileRef = 86C0E53C21F8AF86007C9553 /* LaunchScreen.storyboard */; };
/* End PBXBuildFile section */

/* Begin PBXFileReference section */
		86C0E52E21F8AF84007C9553 /* AR ShopEX.app */ = {isa = PBXFileReference; explicitFileType = wrapper.application; includeInIndex = 0; path = "AR ShopEX.app"; sourceTree = BUILT_PRODUCTS_DIR; };
		86C0E53121F8AF84007C9553 /* AppDelegate.swift */ = {isa = PBXFileReference; lastKnownFileType = sourcecode.swift; path = AppDelegate.swift; sourceTree = "<group>"; };
		86C0E53321F8AF84007C9553 /* art.scnassets */ = {isa = PBXFileReference; lastKnownFileType = wrapper.scnassets; path = art.scnassets; sourceTree = "<group>"; };
		86C0E53521F8AF84007C9553 /* ViewController.swift */ = {isa = PBXFileReference; lastKnownFileType = sourcecode.swift; path = ViewController.swift; sourceTree = "<group>"; };
		86C0E53821F8AF84007C9553 /* Base */ = {isa = PBXFileReference; lastKnownFileType = file.storyboard; name = Base; path = Base.lproj/Main.storyboard; sourceTree = "<group>"; };
		86C0E53A21F8AF86007C9553 /* Assets.xcassets */ = {isa = PBXFileReference; lastKnownFileType = folder.assetcatalog; path = Assets.xcassets; sourceTree = "<group>"; };
		86C0E53D21F8AF86007C9553 /* Base */ = {isa = PBXFileReference; lastKnownFileType = file.storyboard; name = Base; path = Base.lproj/LaunchScreen.storyboard; sourceTree = "<group>"; };
		86C0E53F21F8AF86007C9553 /* Info.plist */ = {isa = PBXFileReference; lastKnownFileType = text.plist.xml; path = Info.plist; sourceTree = "<group>"; };
/* End PBXFileReference section */

/* Begin PBXFrameworksBuildPhase section */
		86C0E52B21F8AF84007C9553 /* Frameworks */ = {
			isa = PBXFrameworksBuildPhase;
			buildActionMask = 2147483647;
			files = (
			);
			runOnlyForDeploymentPostprocessing = 0;
		};
/* End PBXFrameworksBuildPhase section */

/* Begin PBXGroup section */
		86C0E52521F8AF84007C9553 = {
			isa = PBXGroup;
			children = (
				86C0E53021F8AF84007C9553 /* AR ShopEX */,
				86C0E52F21F8AF84007C9553 /* Products */,
			);
			sourceTree = "<group>";
		};
		86C0E52F21F8AF84007C9553 /* Products */ = {
			isa = PBXGroup;
			children = (
				86C0E52E21F8AF84007C9553 /* AR ShopEX.app */,
			);
			name = Products;
			sourceTree = "<group>";
		};
		86C0E53021F8AF84007C9553 /* AR ShopEX */ = {
			isa = PBXGroup;
			children = (
				86C0E53121F8AF84007C9553 /* AppDelegate.swift */,
				86C0E53321F8AF84007C9553 /* art.scnassets */,
				86C0E53521F8AF84007C9553 /* ViewController.swift */,
				86C0E53721F8AF84007C9553 /* Main.storyboard */,
				86C0E53A21F8AF86007C9553 /* Assets.xcassets */,
				86C0E53C21F8AF86007C9553 /* LaunchScreen.storyboard */,
				86C0E53F21F8AF86007C9553 /* Info.plist */,
			);
			path = "AR ShopEX";
			sourceTree = "<group>";
		};
/* End PBXGroup section */

/* Begin PBXNativeTarget section */
		86C0E52D21F8AF84007C9553 /* AR ShopEX */ = {
			isa = PBXNativeTarget;
			buildConfigurationList = 86C0E54221F8AF86007C9553 /* Build configuration list for PBXNativeTarget "AR ShopEX" */;
			buildPhases = (
				86C0E52A21F8AF84007C9553 /* Sources */,
				86C0E52B21F8AF84007C9553 /* Frameworks */,
				86C0E52C21F8AF84007C9553 /* Resources */,
			);
			buildRules = (
			);
			dependencies = (
			);
			name = "AR ShopEX";
			productName = "AR ShopEX";
			productReference = 86C0E52E21F8AF84007C9553 /* AR ShopEX.app */;
			productType = "com.apple.product-type.application";
		};
/* End PBXNativeTarget section */

/* Begin PBXProject section */
		86C0E52621F8AF84007C9553 /* Project object */ = {
			isa = PBXProject;
			attributes = {
				LastSwiftUpdateCheck = 1010;
				LastUpgradeCheck = 1010;
				ORGANIZATIONNAME = "Cordova Putra";
				TargetAttributes = {
					86C0E52D21F8AF84007C9553 = {
						CreatedOnToolsVersion = 10.1;
					};
				};
			};
			buildConfigurationList = 86C0E52921F8AF84007C9553 /* Build configuration list for PBXProject "AR ShopEX" */;
			compatibilityVersion = "Xcode 9.3";
			developmentRegion = en;
			hasScannedForEncodings = 0;
			knownRegions = (
				en,
				Base,
			);
			mainGroup = 86C0E52521F8AF84007C9553;
			productRefGroup = 86C0E52F21F8AF84007C9553 /* Products */;
			projectDirPath = "";
			projectRoot = "";
			targets = (
				86C0E52D21F8AF84007C9553 /* AR ShopEX */,
			);
		};
/* End PBXProject section */

/* Begin PBXResourcesBuildPhase section */
		86C0E52C21F8AF84007C9553 /* Resources */ = {
			isa = PBXResourcesBuildPhase;
			buildActionMask = 2147483647;
			files = (
				86C0E53421F8AF84007C9553 /* art.scnassets in Resources */,
				86C0E53E21F8AF86007C9553 /* LaunchScreen.storyboard in Resources */,
				86C0E53B21F8AF86007C9553 /* Assets.xcassets in Resources */,
				86C0E53921F8AF84007C9553 /* Main.storyboard in Resources */,
			);
			runOnlyForDeploymentPostprocessing = 0;
		};
/* End PBXResourcesBuildPhase section */

/* Begin PBXSourcesBuildPhase section */
		86C0E52A21F8AF84007C9553 /* Sources */ = {
			isa = PBXSourcesBuildPhase;
			buildActionMask = 2147483647;
			files = (
				86C0E53621F8AF84007C9553 /* ViewController.swift in Sources */,
				86C0E53221F8AF84007C9553 /* AppDelegate.swift in Sources */,
			);
			runOnlyForDeploymentPostprocessing = 0;
		};
/* End PBXSourcesBuildPhase section */

/* Begin PBXVariantGroup section */
		86C0E53721F8AF84007C9553 /* Main.storyboard */ = {
			isa = PBXVariantGroup;
			children = (
				86C0E53821F8AF84007C9553 /* Base */,
			);
			name = Main.storyboard;
			sourceTree = "<group>";
		};
		86C0E53C21F8AF86007C9553 /* LaunchScreen.storyboard */ = {
			isa = PBXVariantGroup;
			children = (
				86C0E53D21F8AF86007C9553 /* Base */,
			);
			name = LaunchScreen.storyboard;
			sourceTree = "<group>";
		};
/* End PBXVariantGroup section */

/* Begin XCBuildConfiguration section */
		86C0E54021F8AF86007C9553 /* Debug */ = {
			isa = XCBuildConfiguration;
			buildSettings = {
				ALWAYS_SEARCH_USER_PATHS = NO;
				CLANG_ANALYZER_NONNULL = YES;
				CLANG_ANALYZER_NUMBER_OBJECT_CONVERSION = YES_AGGRESSIVE;
				CLANG_CXX_LANGUAGE_STANDARD = "gnu++14";
				CLANG_CXX_LIBRARY = "libc++";
				CLANG_ENABLE_MODULES = YES;
				CLANG_ENABLE_OBJC_ARC = YES;
				CLANG_ENABLE_OBJC_WEAK = YES;
				CLANG_WARN_BLOCK_CAPTURE_AUTORELEASING = YES;
				CLANG_WARN_BOOL_CONVERSION = YES;
				CLANG_WARN_COMMA = YES;
				CLANG_WARN_CONSTANT_CONVERSION = YES;
				CLANG_WARN_DEPRECATED_OBJC_IMPLEMENTATIONS = YES;
				CLANG_WARN_DIRECT_OBJC_ISA_USAGE = YES_ERROR;
				CLANG_WARN_DOCUMENTATION_COMMENTS = YES;
				CLANG_WARN_EMPTY_BODY = YES;
				CLANG_WARN_ENUM_CONVERSION = YES;
				CLANG_WARN_INFINITE_RECURSION = YES;
				CLANG_WARN_INT_CONVERSION = YES;
				CLANG_WARN_NON_LITERAL_NULL_CONVERSION = YES;
				CLANG_WARN_OBJC_IMPLICIT_RETAIN_SELF = YES;
				CLANG_WARN_OBJC_LITERAL_CONVERSION = YES;
				CLANG_WARN_OBJC_ROOT_CLASS = YES_ERROR;
				CLANG_WARN_RANGE_LOOP_ANALYSIS = YES;
				CLANG_WARN_STRICT_PROTOTYPES = YES;
				CLANG_WARN_SUSPICIOUS_MOVE = YES;
				CLANG_WARN_UNGUARDED_AVAILABILITY = YES_AGGRESSIVE;
				CLANG_WARN_UNREACHABLE_CODE = YES;
				CLANG_WARN__DUPLICATE_METHOD_MATCH = YES;
				CODE_SIGN_IDENTITY = "iPhone Developer";
				COPY_PHASE_STRIP = NO;
				DEBUG_INFORMATION_FORMAT = dwarf;
				ENABLE_STRICT_OBJC_MSGSEND = YES;
				ENABLE_TESTABILITY = YES;
				GCC_C_LANGUAGE_STANDARD = gnu11;
				GCC_DYNAMIC_NO_PIC = NO;
				GCC_NO_COMMON_BLOCKS = YES;
				GCC_OPTIMIZATION_LEVEL = 0;
				GCC_PREPROCESSOR_DEFINITIONS = (
					"DEBUG=1",
					"$(inherited)",
				);
				GCC_WARN_64_TO_32_BIT_CONVERSION = YES;
				GCC_WARN_ABOUT_RETURN_TYPE = YES_ERROR;
				GCC_WARN_UNDECLARED_SELECTOR = YES;
				GCC_WARN_UNINITIALIZED_AUTOS = YES_AGGRESSIVE;
				GCC_WARN_UNUSED_FUNCTION = YES;
				GCC_WARN_UNUSED_VARIABLE = YES;
				IPHONEOS_DEPLOYMENT_TARGET = 12.1;
				MTL_ENABLE_DEBUG_INFO = INCLUDE_SOURCE;
				MTL_FAST_MATH = YES;
				ONLY_ACTIVE_ARCH = YES;
				SDKROOT = iphoneos;
				SWIFT_ACTIVE_COMPILATION_CONDITIONS = DEBUG;
				SWIFT_OPTIMIZATION_LEVEL = "-Onone";
			};
			name = Debug;
		};
		86C0E54121F8AF86007C9553 /* Release */ = {
			isa = XCBuildConfiguration;
			buildSettings = {
				ALWAYS_SEARCH_USER_PATHS = NO;
				CLANG_ANALYZER_NONNULL = YES;
				CLANG_ANALYZER_NUMBER_OBJECT_CONVERSION = YES_AGGRESSIVE;
				CLANG_CXX_LANGUAGE_STANDARD = "gnu++14";
				CLANG_CXX_LIBRARY = "libc++";
				CLANG_ENABLE_MODULES = YES;
				CLANG_ENABLE_OBJC_ARC = YES;
				CLANG_ENABLE_OBJC_WEAK = YES;
				CLANG_WARN_BLOCK_CAPTURE_AUTORELEASING = YES;
				CLANG_WARN_BOOL_CONVERSION = YES;
				CLANG_WARN_COMMA = YES;
				CLANG_WARN_CONSTANT_CONVERSION = YES;
				CLANG_WARN_DEPRECATED_OBJC_IMPLEMENTATIONS = YES;
				CLANG_WARN_DIRECT_OBJC_ISA_USAGE = YES_ERROR;
				CLANG_WARN_DOCUMENTATION_COMMENTS = YES;
				CLANG_WARN_EMPTY_BODY = YES;
				CLANG_WARN_ENUM_CONVERSION = YES;
				CLANG_WARN_INFINITE_RECURSION = YES;
				CLANG_WARN_INT_CONVERSION = YES;
				CLANG_WARN_NON_LITERAL_NULL_CONVERSION = YES;
				CLANG_WARN_OBJC_IMPLICIT_RETAIN_SELF = YES;
				CLANG_WARN_OBJC_LITERAL_CONVERSION = YES;
				CLANG_WARN_OBJC_ROOT_CLASS = YES_ERROR;
				CLANG_WARN_RANGE_LOOP_ANALYSIS = YES;
				CLANG_WARN_STRICT_PROTOTYPES = YES;
				CLANG_WARN_SUSPICIOUS_MOVE = YES;
				CLANG_WARN_UNGUARDED_AVAILABILITY = YES_AGGRESSIVE;
				CLANG_WARN_UNREACHABLE_CODE = YES;
				CLANG_WARN__DUPLICATE_METHOD_MATCH = YES;
				CODE_SIGN_IDENTITY = "iPhone Developer";
				COPY_PHASE_STRIP = NO;
				DEBUG_INFORMATION_FORMAT = "dwarf-with-dsym";
				ENABLE_NS_ASSERTIONS = NO;
				ENABLE_STRICT_OBJC_MSGSEND = YES;
				GCC_C_LANGUAGE_STANDARD = gnu11;
				GCC_NO_COMMON_BLOCKS = YES;
				GCC_WARN_64_TO_32_BIT_CONVERSION = YES;
				GCC_WARN_ABOUT_RETURN_TYPE = YES_ERROR;
				GCC_WARN_UNDECLARED_SELECTOR = YES;
				GCC_WARN_UNINITIALIZED_AUTOS = YES_AGGRESSIVE;
				GCC_WARN_UNUSED_FUNCTION = YES;
				GCC_WARN_UNUSED_VARIABLE = YES;
				IPHONEOS_DEPLOYMENT_TARGET = 12.1;
				MTL_ENABLE_DEBUG_INFO = NO;
				MTL_FAST_MATH = YES;
				SDKROOT = iphoneos;
				SWIFT_COMPILATION_MODE = wholemodule;
				SWIFT_OPTIMIZATION_LEVEL = "-O";
				VALIDATE_PRODUCT = YES;
			};
			name = Release;
		};
		86C0E54321F8AF86007C9553 /* Debug */ = {
			isa = XCBuildConfiguration;
			buildSettings = {
				ASSETCATALOG_COMPILER_APPICON_NAME = AppIcon;
				CODE_SIGN_STYLE = Automatic;
				DEVELOPMENT_TEAM = L792C3RSBQ;
				INFOPLIST_FILE = "AR ShopEX/Info.plist";
				LD_RUNPATH_SEARCH_PATHS = (
					"$(inherited)",
					"@executable_path/Frameworks",
				);
				PRODUCT_BUNDLE_IDENTIFIER = "com.cordova.AR-ShopEX";
				PRODUCT_NAME = "$(TARGET_NAME)";
				SWIFT_VERSION = 4.2;
				TARGETED_DEVICE_FAMILY = "1,2";
			};
			name = Debug;
		};
		86C0E54421F8AF86007C9553 /* Release */ = {
			isa = XCBuildConfiguration;
			buildSettings = {
				ASSETCATALOG_COMPILER_APPICON_NAME = AppIcon;
				CODE_SIGN_STYLE = Automatic;
				DEVELOPMENT_TEAM = L792C3RSBQ;
				INFOPLIST_FILE = "AR ShopEX/Info.plist";
				LD_RUNPATH_SEARCH_PATHS = (
					"$(inherited)",
					"@executable_path/Frameworks",
				);
				PRODUCT_BUNDLE_IDENTIFIER = "com.cordova.AR-ShopEX";
				PRODUCT_NAME = "$(TARGET_NAME)";
				SWIFT_VERSION = 4.2;
				TARGETED_DEVICE_FAMILY = "1,2";
			};
			name = Release;
		};
/* End XCBuildConfiguration section */

/* Begin XCConfigurationList section */
		86C0E52921F8AF84007C9553 /* Build configuration list for PBXProject "AR ShopEX" */ = {
			isa = XCConfigurationList;
			buildConfigurations = (
				86C0E54021F8AF86007C9553 /* Debug */,
				86C0E54121F8AF86007C9553 /* Release */,
			);
			defaultConfigurationIsVisible = 0;
			defaultConfigurationName = Release;
		};
		86C0E54221F8AF86007C9553 /* Build configuration list for PBXNativeTarget "AR ShopEX" */ = {
			isa = XCConfigurationList;
			buildConfigurations = (
				86C0E54321F8AF86007C9553 /* Debug */,
				86C0E54421F8AF86007C9553 /* Release */,
			);
			defaultConfigurationIsVisible = 0;
			defaultConfigurationName = Release;
		};
/* End XCConfigurationList section */
	};
	rootObject = 86C0E52621F8AF84007C9553 /* Project object */;
}
